PODS:
  - Alamofire (4.8.1)
  - AlamofireObjectMapper (4.1.0):
    - Alamofire (~> 4.1)
    - ObjectMapper (~> 2.0)
  - ObjectMapper (2.2.9)
  - SDWebImage (4.4.3):
    - SDWebImage/Core (= 4.4.3)
  - SDWebImage/Core (4.4.3)
  - SnapKit (3.0.2)
  - SwiftLint (0.30.0)

DEPENDENCIES:
  - AlamofireObjectMapper (~> 4)
  - SDWebImage (~> 4.0)
  - SnapKit (~> 3.0.0)
  - SwiftLint

SPEC REPOS:
  https://github.com/cocoapods/specs.git:
    - Alamofire
    - AlamofireObjectMapper
    - ObjectMapper
    - SDWebImage
    - SnapKit
    - SwiftLint

SPEC CHECKSUMS:
  Alamofire: 16ce2c353fb72865124ddae8a57c5942388f4f11
  AlamofireObjectMapper: 435adc82f5b367679bd9e71c4974a54efd0b2521
  ObjectMapper: 63cfe41bc6f8e7c8f44344c49901b8ae7de14c52
  SDWebImage: c5594f1a19c48d526d321e548902b56b479cd508
  SnapKit: 2e456761aa92d4d4067a7a5594c18769d451a8ad
  SwiftLint: 4e37cb5cd33435170dfd09fba089f41fdbf64d53

PODFILE CHECKSUM: b70c0092a99dd50122c3667cc510080bf6c30f50

COCOAPODS: 1.5.2
